
Microsoft Visual Studio Solution File, Format Version 12.00
# Visual Studio 15
VisualStudioVersion = 15.0.28307.757
MinimumVisualStudioVersion = 10.0.40219.1
Project("{FAE04EC0-301F-11D3-BF4B-00C04F79EFBC}") = "ContosoUniversity", "ContosoUniversity\ContosoUniversity.csproj", "{B6375607-E7A6-40E6-B82D-3EFF2B7E89F9}"
EndProject
Global
	GlobalSection(SolutionConfigurationPlatforms) = preSolution
		Debug|Any CPU = Debug|Any CPU
		Release|Any CPU = Release|Any CPU
	EndGlobalSection
	GlobalSection(ProjectConfigurationPlatforms) = postSolution
		{B6375607-E7A6-40E6-B82D-3EFF2B7E89F9}.Debug|Any CPU.ActiveCfg = Debug|Any CPU
		{B6375607-E7A6-40E6-B82D-3EFF2B7E89F9}.Debug|Any CPU.Build.0 = Debug|Any CPU
		{B6375607-E7A6-40E6-B82D-3EFF2B7E89F9}.Release|Any CPU.ActiveCfg = Release|Any CPU
		{B6375607-E7A6-40E6-B82D-3EFF2B7E89F9}.Release|Any CPU.Build.0 = Release|Any CPU
	EndGlobalSection
	GlobalSection(SolutionProperties) = preSolution
		HideSolutionNode = FALSE
	EndGlobalSection
	GlobalSection(ExtensibilityGlobals) = postSolution
		SolutionGuid = {2FD6F96F-A9A3-4EA7-93C6-11049C156613}
	EndGlobalSection
EndGlobal
